
Microsoft Visual Studio Solution File, Format Version 12.00
# Visual Studio Version 16
VisualStudioVersion = 16.0.31702.278
MinimumVisualStudioVersion = 10.0.40219.1
Project("{FAE04EC0-301F-11D3-BF4B-00C04F79EFBC}") = "WorksetChanger", "WorksetChanger\WorksetChanger.csproj", "{59C6FDDE-08FA-42A4-A41A-DB3D0F3F5859}"
EndProject
Global
	GlobalSection(SolutionConfigurationPlatforms) = preSolution
		Debug|Any CPU = Debug|Any CPU
		Release|Any CPU = Release|Any CPU
	EndGlobalSection
	GlobalSection(ProjectConfigurationPlatforms) = postSolution
		{59C6FDDE-08FA-42A4-A41A-DB3D0F3F5859}.Debug|Any CPU.ActiveCfg = Debug|Any CPU
		{59C6FDDE-08FA-42A4-A41A-DB3D0F3F5859}.Debug|Any CPU.Build.0 = Debug|Any CPU
		{59C6FDDE-08FA-42A4-A41A-DB3D0F3F5859}.Release|Any CPU.ActiveCfg = Release|Any CPU
		{59C6FDDE-08FA-42A4-A41A-DB3D0F3F5859}.Release|Any CPU.Build.0 = Release|Any CPU
	EndGlobalSection
	GlobalSection(SolutionProperties) = preSolution
		HideSolutionNode = FALSE
	EndGlobalSection
	GlobalSection(ExtensibilityGlobals) = postSolution
		SolutionGuid = {14B956C9-CB0A-43E0-A0B4-1962C0FDB679}
	EndGlobalSection
EndGlobal
